// !$*UTF8*$!
{
	archiveVersion = 1;
	classes = {
	};
	objectVersion = 77;
	objects = {

/* Begin PBXBuildFile section */
		1BBE25423004393A00A18A51 /* ViewController.swift in Sources */ = {isa = PBXBuildFile; fileRef = 1BBE253F3004393A00A18A51 /* ViewController.swift */; };
		1BBE255430044EEF00A18A51 /* Article.swift in Sources */ = {isa = PBXBuildFile; fileRef = 1BBE255330044EEF00A18A51 /* Article.swift */; };
		1BBE2556300453B600A18A51 /* NewsService.swift in Sources */ = {isa = PBXBuildFile; fileRef = 1BBE2555300453B600A18A51 /* NewsService.swift */; };
		1BBE255830045D2400A18A51 /* NewsCell.swift in Sources */ = {isa = PBXBuildFile; fileRef = 1BBE255730045D2400A18A51 /* NewsCell.swift */; };
		1BBE255A300700C800A18A51 /* DetailViewController.swift in Sources */ = {isa = PBXBuildFile; fileRef = 1BBE2559300700C800A18A51 /* DetailViewController.swift */; };
		1BBE255C300BDA1E00A18A51 /* GoogleService-Info.plist in Resources */ = {isa = PBXBuildFile; fileRef = 1BBE255B300BDA1E00A18A51 /* GoogleService-Info.plist */; };
		1BBE255F300BDBCD00A18A51 /* FirebaseAuth in Frameworks */ = {isa = PBXBuildFile; productRef = 1BBE255E300BDBCD00A18A51 /* FirebaseAuth */; };
		1BBE2561300BDBCD00A18A51 /* FirebaseFirestore in Frameworks */ = {isa = PBXBuildFile; productRef = 1BBE2560300BDBCD00A18A51 /* FirebaseFirestore */; };
/* End PBXBuildFile section */

/* Begin PBXContainerItemProxy section */
		1BBE250630041FB800A18A51 /* PBXContainerItemProxy */ = {
			isa = PBXContainerItemProxy;
			containerPortal = 1BBE24E730041FB500A18A51 /* Project object */;
			proxyType = 1;
			remoteGlobalIDString = 1BBE24EE30041FB500A18A51;
			remoteInfo = Newsys;
		};
		1BBE251030041FB800A18A51 /* PBXContainerItemProxy */ = {
			isa = PBXContainerItemProxy;
			containerPortal = 1BBE24E730041FB500A18A51 /* Project object */;
			proxyType = 1;
			remoteGlobalIDString = 1BBE24EE30041FB500A18A51;
			remoteInfo = Newsys;
		};
/* End PBXContainerItemProxy section */

/* Begin PBXFileReference section */
		1BBE24EF30041FB500A18A51 /* Newsys.app */ = {isa = PBXFileReference; explicitFileType = wrapper.application; includeInIndex = 0; path = Newsys.app; sourceTree = BUILT_PRODUCTS_DIR; };
		1BBE250530041FB800A18A51 /* NewsysTests.xctest */ = {isa = PBXFileReference; explicitFileType = wrapper.cfbundle; includeInIndex = 0; path = NewsysTests.xctest; sourceTree = BUILT_PRODUCTS_DIR; };
		1BBE250F30041FB800A18A51 /* NewsysUITests.xctest */ = {isa = PBXFileReference; explicitFileType = wrapper.cfbundle; includeInIndex = 0; path = NewsysUITests.xctest; sourceTree = BUILT_PRODUCTS_DIR; };
		1BBE253F3004393A00A18A51 /* ViewController.swift */ = {isa = PBXFileReference; lastKnownFileType = sourcecode.swift; path = ViewController.swift; sourceTree = "<group>"; };
		1BBE255330044EEF00A18A51 /* Article.swift */ = {isa = PBXFileReference; lastKnownFileType = sourcecode.swift; path = Article.swift; sourceTree = "<group>"; };
		1BBE2555300453B600A18A51 /* NewsService.swift */ = {isa = PBXFileReference; lastKnownFileType = sourcecode.swift; path = NewsService.swift; sourceTree = "<group>"; };
		1BBE255730045D2400A18A51 /* NewsCell.swift */ = {isa = PBXFileReference; lastKnownFileType = sourcecode.swift; path = NewsCell.swift; sourceTree = "<group>"; };
		1BBE2559300700C800A18A51 /* DetailViewController.swift */ = {isa = PBXFileReference; lastKnownFileType = sourcecode.swift; path = DetailViewController.swift; sourceTree = "<group>"; };
		1BBE255B300BDA1E00A18A51 /* GoogleService-Info.plist */ = {isa = PBXFileReference; lastKnownFileType = text.plist.xml; path = "GoogleService-Info.plist"; sourceTree = "<group>"; };
/* End PBXFileReference section */

/* Begin PBXFileSystemSynchronizedBuildFileExceptionSet section */
		1BBE251730041FB800A18A51 /* Exceptions for "Newsys" folder in "Newsys" target */ = {
			isa = PBXFileSystemSynchronizedBuildFileExceptionSet;
			membershipExceptions = (
				Info.plist,
			);
			target = 1BBE24EE30041FB500A18A51 /* Newsys */;
		};
/* End PBXFileSystemSynchronizedBuildFileExceptionSet section */

/* Begin PBXFileSystemSynchronizedRootGroup section */
		1BBE24F130041FB500A18A51 /* Newsys */ = {
			isa = PBXFileSystemSynchronizedRootGroup;
			exceptions = (
				1BBE251730041FB800A18A51 /* Exceptions for "Newsys" folder in "Newsys" target */,
			);
			path = Newsys;
			sourceTree = "<group>";
		};
		1BBE250830041FB800A18A51 /* NewsysTests */ = {
			isa = PBXFileSystemSynchronizedRootGroup;
			path = NewsysTests;
			sourceTree = "<group>";
		};
		1BBE251230041FB800A18A51 /* NewsysUITests */ = {
			isa = PBXFileSystemSynchronizedRootGroup;
			path = NewsysUITests;
			sourceTree = "<group>";
		};
/* End PBXFileSystemSynchronizedRootGroup section */

/* Begin PBXFrameworksBuildPhase section */
		1BBE24EC30041FB500A18A51 /* Frameworks */ = {
			isa = PBXFrameworksBuildPhase;
			buildActionMask = 2147483647;
			files = (
				1BBE255F300BDBCD00A18A51 /* FirebaseAuth in Frameworks */,
				1BBE2561300BDBCD00A18A51 /* FirebaseFirestore in Frameworks */,
			);
			runOnlyForDeploymentPostprocessing = 0;
		};
		1BBE250230041FB800A18A51 /* Frameworks */ = {
			isa = PBXFrameworksBuildPhase;
			buildActionMask = 2147483647;
			files = (
			);
			runOnlyForDeploymentPostprocessing = 0;
		};
		1BBE250C30041FB800A18A51 /* Frameworks */ = {
			isa = PBXFrameworksBuildPhase;
			buildActionMask = 2147483647;
			files = (
			);
			runOnlyForDeploymentPostprocessing = 0;
		};
/* End PBXFrameworksBuildPhase section */

/* Begin PBXGroup section */
		1BBE24E630041FB500A18A51 = {
			isa = PBXGroup;
			children = (
				1BBE255230044DE300A18A51 /* Services */,
				1BBE255130044DC800A18A51 /* ViewModels */,
				1BBE255030044DBB00A18A51 /* ViewControllers */,
				1BBE254F30044D9200A18A51 /* Models */,
				1BBE24F130041FB500A18A51 /* Newsys */,
				1BBE250830041FB800A18A51 /* NewsysTests */,
				1BBE251230041FB800A18A51 /* NewsysUITests */,
				1BBE24F030041FB500A18A51 /* Products */,
				1BBE255B300BDA1E00A18A51 /* GoogleService-Info.plist */,
			);
			sourceTree = "<group>";
		};
		1BBE24F030041FB500A18A51 /* Products */ = {
			isa = PBXGroup;
			children = (
				1BBE24EF30041FB500A18A51 /* Newsys.app */,
				1BBE250530041FB800A18A51 /* NewsysTests.xctest */,
				1BBE250F30041FB800A18A51 /* NewsysUITests.xctest */,
			);
			name = Products;
			sourceTree = "<group>";
		};
		1BBE254F30044D9200A18A51 /* Models */ = {
			isa = PBXGroup;
			children = (
				1BBE255330044EEF00A18A51 /* Article.swift */,
			);
			path = Models;
			sourceTree = "<group>";
		};
		1BBE255030044DBB00A18A51 /* ViewControllers */ = {
			isa = PBXGroup;
			children = (
				1BBE253F3004393A00A18A51 /* ViewController.swift */,
				1BBE255730045D2400A18A51 /* NewsCell.swift */,
				1BBE2559300700C800A18A51 /* DetailViewController.swift */,
			);
			path = ViewControllers;
			sourceTree = "<group>";
		};
		1BBE255130044DC800A18A51 /* ViewModels */ = {
			isa = PBXGroup;
			children = (
			);
			path = ViewModels;
			sourceTree = "<group>";
		};
		1BBE255230044DE300A18A51 /* Services */ = {
			isa = PBXGroup;
			children = (
				1BBE2555300453B600A18A51 /* NewsService.swift */,
			);
			path = Services;
			sourceTree = "<group>";
		};
/* End PBXGroup section */

/* Begin PBXNativeTarget section */
		1BBE24EE30041FB500A18A51 /* Newsys */ = {
			isa = PBXNativeTarget;
			buildConfigurationList = 1BBE251830041FB800A18A51 /* Build configuration list for PBXNativeTarget "Newsys" */;
			buildPhases = (
				1BBE24EB30041FB500A18A51 /* Sources */,
				1BBE24EC30041FB500A18A51 /* Frameworks */,
				1BBE24ED30041FB500A18A51 /* Resources */,
			);
			buildRules = (
			);
			dependencies = (
			);
			fileSystemSynchronizedGroups = (
				1BBE24F130041FB500A18A51 /* Newsys */,
			);
			name = Newsys;
			packageProductDependencies = (
				1BBE255E300BDBCD00A18A51 /* FirebaseAuth */,
				1BBE2560300BDBCD00A18A51 /* FirebaseFirestore */,
			);
			productName = Newsys;
			productReference = 1BBE24EF30041FB500A18A51 /* Newsys.app */;
			productType = "com.apple.product-type.application";
		};
		1BBE250430041FB800A18A51 /* NewsysTests */ = {
			isa = PBXNativeTarget;
			buildConfigurationList = 1BBE251D30041FB800A18A51 /* Build configuration list for PBXNativeTarget "NewsysTests" */;
			buildPhases = (
				1BBE250130041FB800A18A51 /* Sources */,
				1BBE250230041FB800A18A51 /* Frameworks */,
				1BBE250330041FB800A18A51 /* Resources */,
			);
			buildRules = (
			);
			dependencies = (
				1BBE250730041FB800A18A51 /* PBXTargetDependency */,
			);
			fileSystemSynchronizedGroups = (
				1BBE250830041FB800A18A51 /* NewsysTests */,
			);
			name = NewsysTests;
			packageProductDependencies = (
			);
			productName = NewsysTests;
			productReference = 1BBE250530041FB800A18A51 /* NewsysTests.xctest */;
			productType = "com.apple.product-type.bundle.unit-test";
		};
		1BBE250E30041FB800A18A51 /* NewsysUITests */ = {
			isa = PBXNativeTarget;
			buildConfigurationList = 1BBE252030041FB800A18A51 /* Build configuration list for PBXNativeTarget "NewsysUITests" */;
			buildPhases = (
				1BBE250B30041FB800A18A51 /* Sources */,
				1BBE250C30041FB800A18A51 /* Frameworks */,
				1BBE250D30041FB800A18A51 /* Resources */,
			);
			buildRules = (
			);
			dependencies = (
				1BBE251130041FB800A18A51 /* PBXTargetDependency */,
			);
			fileSystemSynchronizedGroups = (
				1BBE251230041FB800A18A51 /* NewsysUITests */,
			);
			name = NewsysUITests;
			packageProductDependencies = (
			);
			productName = NewsysUITests;
			productReference = 1BBE250F30041FB800A18A51 /* NewsysUITests.xctest */;
			productType = "com.apple.product-type.bundle.ui-testing";
		};
/* End PBXNativeTarget section */

/* Begin PBXProject section */
		1BBE24E730041FB500A18A51 /* Project object */ = {
			isa = PBXProject;
			attributes = {
				BuildIndependentTargetsInParallel = 1;
				LastSwiftUpdateCheck = 1640;
				LastUpgradeCheck = 1640;
				TargetAttributes = {
					1BBE24EE30041FB500A18A51 = {
						CreatedOnToolsVersion = 16.4;
					};
					1BBE250430041FB800A18A51 = {
						CreatedOnToolsVersion = 16.4;
						TestTargetID = 1BBE24EE30041FB500A18A51;
					};
					1BBE250E30041FB800A18A51 = {
						CreatedOnToolsVersion = 16.4;
						TestTargetID = 1BBE24EE30041FB500A18A51;
					};
				};
			};
			buildConfigurationList = 1BBE24EA30041FB500A18A51 /* Build configuration list for PBXProject "Newsys" */;
			developmentRegion = en;
			hasScannedForEncodings = 0;
			knownRegions = (
				en,
				Base,
			);
			mainGroup = 1BBE24E630041FB500A18A51;
			minimizedProjectReferenceProxies = 1;
			packageReferences = (
				1BBE255D300BDBCD00A18A51 /* XCRemoteSwiftPackageReference "firebase-ios-sdk" */,
			);
			preferredProjectObjectVersion = 77;
			productRefGroup = 1BBE24F030041FB500A18A51 /* Products */;
			projectDirPath = "";
			projectRoot = "";
			targets = (
				1BBE24EE30041FB500A18A51 /* Newsys */,
				1BBE250430041FB800A18A51 /* NewsysTests */,
				1BBE250E30041FB800A18A51 /* NewsysUITests */,
			);
		};
/* End PBXProject section */

/* Begin PBXResourcesBuildPhase section */
		1BBE24ED30041FB500A18A51 /* Resources */ = {
			isa = PBXResourcesBuildPhase;
			buildActionMask = 2147483647;
			files = (
				1BBE255C300BDA1E00A18A51 /* GoogleService-Info.plist in Resources */,
			);
			runOnlyForDeploymentPostprocessing = 0;
		};
		1BBE250330041FB800A18A51 /* Resources */ = {
			isa = PBXResourcesBuildPhase;
			buildActionMask = 2147483647;
			files = (
			);
			runOnlyForDeploymentPostprocessing = 0;
		};
		1BBE250D30041FB800A18A51 /* Resources */ = {
			isa = PBXResourcesBuildPhase;
			buildActionMask = 2147483647;
			files = (
			);
			runOnlyForDeploymentPostprocessing = 0;
		};
/* End PBXResourcesBuildPhase section */

/* Begin PBXSourcesBuildPhase section */
		1BBE24EB30041FB500A18A51 /* Sources */ = {
			isa = PBXSourcesBuildPhase;
			buildActionMask = 2147483647;
			files = (
				1BBE2556300453B600A18A51 /* NewsService.swift in Sources */,
				1BBE255430044EEF00A18A51 /* Article.swift in Sources */,
				1BBE25423004393A00A18A51 /* ViewController.swift in Sources */,
				1BBE255830045D2400A18A51 /* NewsCell.swift in Sources */,
				1BBE255A300700C800A18A51 /* DetailViewController.swift in Sources */,
			);
			runOnlyForDeploymentPostprocessing = 0;
		};
		1BBE250130041FB800A18A51 /* Sources */ = {
			isa = PBXSourcesBuildPhase;
			buildActionMask = 2147483647;
			files = (
			);
			runOnlyForDeploymentPostprocessing = 0;
		};
		1BBE250B30041FB800A18A51 /* Sources */ = {
			isa = PBXSourcesBuildPhase;
			buildActionMask = 2147483647;
			files = (
			);
			runOnlyForDeploymentPostprocessing = 0;
		};
/* End PBXSourcesBuildPhase section */

/* Begin PBXTargetDependency section */
		1BBE250730041FB800A18A51 /* PBXTargetDependency */ = {
			isa = PBXTargetDependency;
			target = 1BBE24EE30041FB500A18A51 /* Newsys */;
			targetProxy = 1BBE250630041FB800A18A51 /* PBXContainerItemProxy */;
		};
		1BBE251130041FB800A18A51 /* PBXTargetDependency */ = {
			isa = PBXTargetDependency;
			target = 1BBE24EE30041FB500A18A51 /* Newsys */;
			targetProxy = 1BBE251030041FB800A18A51 /* PBXContainerItemProxy */;
		};
/* End PBXTargetDependency section */

/* Begin XCBuildConfiguration section */
		1BBE251930041FB800A18A51 /* Debug */ = {
			isa = XCBuildConfiguration;
			buildSettings = {
				ASSETCATALOG_COMPILER_APPICON_NAME = AppIcon;
				ASSETCATALOG_COMPILER_GLOBAL_ACCENT_COLOR_NAME = AccentColor;
				CODE_SIGN_STYLE = Automatic;
				CURRENT_PROJECT_VERSION = 1;
				GENERATE_INFOPLIST_FILE = YES;
				INFOPLIST_FILE = Newsys/Info.plist;
				INFOPLIST_KEY_UIApplicationSupportsIndirectInputEvents = YES;
				INFOPLIST_KEY_UILaunchStoryboardName = LaunchScreen;
				INFOPLIST_KEY_UIMainStoryboardFile = Main;
				INFOPLIST_KEY_UISupportedInterfaceOrientations_iPad = "UIInterfaceOrientationPortrait UIInterfaceOrientationPortraitUpsideDown UIInterfaceOrientationLandscapeLeft UIInterfaceOrientationLandscapeRight";
				INFOPLIST_KEY_UISupportedInterfaceOrientations_iPhone = "UIInterfaceOrientationPortrait UIInterfaceOrientationLandscapeLeft UIInterfaceOrientationLandscapeRight";
				LD_RUNPATH_SEARCH_PATHS = (
					"$(inherited)",
					"@executable_path/Frameworks",
				);
				MARKETING_VERSION = 1.0;
				PRODUCT_BUNDLE_IDENTIFIER = com.yigitsaglam.Newsys;
				PRODUCT_NAME = "$(TARGET_NAME)";
				SWIFT_EMIT_LOC_STRINGS = YES;
				SWIFT_VERSION = 5.0;
				TARGETED_DEVICE_FAMILY = "1,2";
			};
			name = Debug;
		};
		1BBE251A30041FB800A18A51 /* Release */ = {
			isa = XCBuildConfiguration;
			buildSettings = {
				ASSETCATALOG_COMPILER_APPICON_NAME = AppIcon;
				ASSETCATALOG_COMPILER_GLOBAL_ACCENT_COLOR_NAME = AccentColor;
				CODE_SIGN_STYLE = Automatic;
				CURRENT_PROJECT_VERSION = 1;
				GENERATE_INFOPLIST_FILE = YES;
				INFOPLIST_FILE = Newsys/Info.plist;
				INFOPLIST_KEY_UIApplicationSupportsIndirectInputEvents = YES;
				INFOPLIST_KEY_UILaunchStoryboardName = LaunchScreen;
				INFOPLIST_KEY_UIMainStoryboardFile = Main;
				INFOPLIST_KEY_UISupportedInterfaceOrientations_iPad = "UIInterfaceOrientationPortrait UIInterfaceOrientationPortraitUpsideDown UIInterfaceOrientationLandscapeLeft UIInterfaceOrientationLandscapeRight";
				INFOPLIST_KEY_UISupportedInterfaceOrientations_iPhone = "UIInterfaceOrientationPortrait UIInterfaceOrientationLandscapeLeft UIInterfaceOrientationLandscapeRight";
				LD_RUNPATH_SEARCH_PATHS = (
					"$(inherited)",
					"@executable_path/Frameworks",
				);
				MARKETING_VERSION = 1.0;
				PRODUCT_BUNDLE_IDENTIFIER = com.yigitsaglam.Newsys;
				PRODUCT_NAME = "$(TARGET_NAME)";
				SWIFT_EMIT_LOC_STRINGS = YES;
				SWIFT_VERSION = 5.0;
				TARGETED_DEVICE_FAMILY = "1,2";
			};
			name = Release;
		};
		1BBE251B30041FB800A18A51 /* Debug */ = {
			isa = XCBuildConfiguration;
			buildSettings = {
				ALWAYS_SEARCH_USER_PATHS = NO;
				ASSETCATALOG_COMPILER_GENERATE_SWIFT_ASSET_SYMBOL_EXTENSIONS = YES;
				CLANG_ANALYZER_NONNULL = YES;
				CLANG_ANALYZER_NUMBER_OBJECT_CONVERSION = YES_AGGRESSIVE;
				CLANG_CXX_LANGUAGE_STANDARD = "gnu++20";
				CLANG_ENABLE_MODULES = YES;
				CLANG_ENABLE_OBJC_ARC = YES;
				CLANG_ENABLE_OBJC_WEAK = YES;
				CLANG_WARN_BLOCK_CAPTURE_AUTORELEASING = YES;
				CLANG_WARN_BOOL_CONVERSION = YES;
				CLANG_WARN_COMMA = YES;
				CLANG_WARN_CONSTANT_CONVERSION = YES;
				CLANG_WARN_DEPRECATED_OBJC_IMPLEMENTATIONS = YES;
				CLANG_WARN_DIRECT_OBJC_ISA_USAGE = YES_ERROR;
				CLANG_WARN_DOCUMENTATION_COMMENTS = YES;
				CLANG_WARN_EMPTY_BODY = YES;
				CLANG_WARN_ENUM_CONVERSION = YES;
				CLANG_WARN_INFINITE_RECURSION = YES;
				CLANG_WARN_INT_CONVERSION = YES;
				CLANG_WARN_NON_LITERAL_NULL_CONVERSION = YES;
				CLANG_WARN_OBJC_IMPLICIT_RETAIN_SELF = YES;
				CLANG_WARN_OBJC_LITERAL_CONVERSION = YES;
				CLANG_WARN_OBJC_ROOT_CLASS = YES_ERROR;
				CLANG_WARN_QUOTED_INCLUDE_IN_FRAMEWORK_HEADER = YES;
				CLANG_WARN_RANGE_LOOP_ANALYSIS = YES;
				CLANG_WARN_STRICT_PROTOTYPES = YES;
				CLANG_WARN_SUSPICIOUS_MOVE = YES;
				CLANG_WARN_UNGUARDED_AVAILABILITY = YES_AGGRESSIVE;
				CLANG_WARN_UNREACHABLE_CODE = YES;
				CLANG_WARN__DUPLICATE_METHOD_MATCH = YES;
				COPY_PHASE_STRIP = NO;
				DEBUG_INFORMATION_FORMAT = dwarf;
				ENABLE_STRICT_OBJC_MSGSEND = YES;
				ENABLE_TESTABILITY = YES;
				ENABLE_USER_SCRIPT_SANDBOXING = YES;
				GCC_C_LANGUAGE_STANDARD = gnu17;
				GCC_DYNAMIC_NO_PIC = NO;
				GCC_NO_COMMON_BLOCKS = YES;
				GCC_OPTIMIZATION_LEVEL = 0;
				GCC_PREPROCESSOR_DEFINITIONS = (
					"DEBUG=1",
					"$(inherited)",
				);
				GCC_WARN_64_TO_32_BIT_CONVERSION = YES;
				GCC_WARN_ABOUT_RETURN_TYPE = YES_ERROR;
				GCC_WARN_UNDECLARED_SELECTOR = YES;
				GCC_WARN_UNINITIALIZED_AUTOS = YES_AGGRESSIVE;
				GCC_WARN_UNUSED_FUNCTION = YES;
				GCC_WARN_UNUSED_VARIABLE = YES;
				IPHONEOS_DEPLOYMENT_TARGET = 18.5;
				LOCALIZATION_PREFERS_STRING_CATALOGS = YES;
				MTL_ENABLE_DEBUG_INFO = INCLUDE_SOURCE;
				MTL_FAST_MATH = YES;
				ONLY_ACTIVE_ARCH = YES;
				SDKROOT = iphoneos;
				SWIFT_ACTIVE_COMPILATION_CONDITIONS = "DEBUG $(inherited)";
				SWIFT_OPTIMIZATION_LEVEL = "-Onone";
			};
			name = Debug;
		};
		1BBE251C30041FB800A18A51 /* Release */ = {
			isa = XCBuildConfiguration;
			buildSettings = {
				ALWAYS_SEARCH_USER_PATHS = NO;
				ASSETCATALOG_COMPILER_GENERATE_SWIFT_ASSET_SYMBOL_EXTENSIONS = YES;
				CLANG_ANALYZER_NONNULL = YES;
				CLANG_ANALYZER_NUMBER_OBJECT_CONVERSION = YES_AGGRESSIVE;
				CLANG_CXX_LANGUAGE_STANDARD = "gnu++20";
				CLANG_ENABLE_MODULES = YES;
				CLANG_ENABLE_OBJC_ARC = YES;
				CLANG_ENABLE_OBJC_WEAK = YES;
				CLANG_WARN_BLOCK_CAPTURE_AUTORELEASING = YES;
				CLANG_WARN_BOOL_CONVERSION = YES;
				CLANG_WARN_COMMA = YES;
				CLANG_WARN_CONSTANT_CONVERSION = YES;
				CLANG_WARN_DEPRECATED_OBJC_IMPLEMENTATIONS = YES;
				CLANG_WARN_DIRECT_OBJC_ISA_USAGE = YES_ERROR;
				CLANG_WARN_DOCUMENTATION_COMMENTS = YES;
				CLANG_WARN_EMPTY_BODY = YES;
				CLANG_WARN_ENUM_CONVERSION = YES;
				CLANG_WARN_INFINITE_RECURSION = YES;
				CLANG_WARN_INT_CONVERSION = YES;
				CLANG_WARN_NON_LITERAL_NULL_CONVERSION = YES;
				CLANG_WARN_OBJC_IMPLICIT_RETAIN_SELF = YES;
				CLANG_WARN_OBJC_LITERAL_CONVERSION = YES;
				CLANG_WARN_OBJC_ROOT_CLASS = YES_ERROR;
				CLANG_WARN_QUOTED_INCLUDE_IN_FRAMEWORK_HEADER = YES;
				CLANG_WARN_RANGE_LOOP_ANALYSIS = YES;
				CLANG_WARN_STRICT_PROTOTYPES = YES;
				CLANG_WARN_SUSPICIOUS_MOVE = YES;
				CLANG_WARN_UNGUARDED_AVAILABILITY = YES_AGGRESSIVE;
				CLANG_WARN_UNREACHABLE_CODE = YES;
				CLANG_WARN__DUPLICATE_METHOD_MATCH = YES;
				COPY_PHASE_STRIP = NO;
				DEBUG_INFORMATION_FORMAT = "dwarf-with-dsym";
				ENABLE_NS_ASSERTIONS = NO;
				ENABLE_STRICT_OBJC_MSGSEND = YES;
				ENABLE_USER_SCRIPT_SANDBOXING = YES;
				GCC_C_LANGUAGE_STANDARD = gnu17;
				GCC_NO_COMMON_BLOCKS = YES;
				GCC_WARN_64_TO_32_BIT_CONVERSION = YES;
				GCC_WARN_ABOUT_RETURN_TYPE = YES_ERROR;
				GCC_WARN_UNDECLARED_SELECTOR = YES;
				GCC_WARN_UNINITIALIZED_AUTOS = YES_AGGRESSIVE;
				GCC_WARN_UNUSED_FUNCTION = YES;
				GCC_WARN_UNUSED_VARIABLE = YES;
				IPHONEOS_DEPLOYMENT_TARGET = 18.5;
				LOCALIZATION_PREFERS_STRING_CATALOGS = YES;
				MTL_ENABLE_DEBUG_INFO = NO;
				MTL_FAST_MATH = YES;
				SDKROOT = iphoneos;
				SWIFT_COMPILATION_MODE = wholemodule;
				VALIDATE_PRODUCT = YES;
			};
			name = Release;
		};
		1BBE251E30041FB800A18A51 /* Debug */ = {
			isa = XCBuildConfiguration;
			buildSettings = {
				BUNDLE_LOADER = "$(TEST_HOST)";
				CODE_SIGN_STYLE = Automatic;
				CURRENT_PROJECT_VERSION = 1;
				GENERATE_INFOPLIST_FILE = YES;
				IPHONEOS_DEPLOYMENT_TARGET = 18.5;
				MARKETING_VERSION = 1.0;
				PRODUCT_BUNDLE_IDENTIFIER = com.yigitsaglam.NewsysTests;
				PRODUCT_NAME = "$(TARGET_NAME)";
				SWIFT_EMIT_LOC_STRINGS = NO;
				SWIFT_VERSION = 5.0;
				TARGETED_DEVICE_FAMILY = "1,2";
				TEST_HOST = "$(BUILT_PRODUCTS_DIR)/Newsys.app/$(BUNDLE_EXECUTABLE_FOLDER_PATH)/Newsys";
			};
			name = Debug;
		};
		1BBE251F30041FB800A18A51 /* Release */ = {
			isa = XCBuildConfiguration;
			buildSettings = {
				BUNDLE_LOADER = "$(TEST_HOST)";
				CODE_SIGN_STYLE = Automatic;
				CURRENT_PROJECT_VERSION = 1;
				GENERATE_INFOPLIST_FILE = YES;
				IPHONEOS_DEPLOYMENT_TARGET = 18.5;
				MARKETING_VERSION = 1.0;
				PRODUCT_BUNDLE_IDENTIFIER = com.yigitsaglam.NewsysTests;
				PRODUCT_NAME = "$(TARGET_NAME)";
				SWIFT_EMIT_LOC_STRINGS = NO;
				SWIFT_VERSION = 5.0;
				TARGETED_DEVICE_FAMILY = "1,2";
				TEST_HOST = "$(BUILT_PRODUCTS_DIR)/Newsys.app/$(BUNDLE_EXECUTABLE_FOLDER_PATH)/Newsys";
			};
			name = Release;
		};
		1BBE252130041FB800A18A51 /* Debug */ = {
			isa = XCBuildConfiguration;
			buildSettings = {
				CODE_SIGN_STYLE = Automatic;
				CURRENT_PROJECT_VERSION = 1;
				GENERATE_INFOPLIST_FILE = YES;
				MARKETING_VERSION = 1.0;
				PRODUCT_BUNDLE_IDENTIFIER = com.yigitsaglam.NewsysUITests;
				PRODUCT_NAME = "$(TARGET_NAME)";
				SWIFT_EMIT_LOC_STRINGS = NO;
				SWIFT_VERSION = 5.0;
				TARGETED_DEVICE_FAMILY = "1,2";
				TEST_TARGET_NAME = Newsys;
			};
			name = Debug;
		};
		1BBE252230041FB800A18A51 /* Release */ = {
			isa = XCBuildConfiguration;
			buildSettings = {
				CODE_SIGN_STYLE = Automatic;
				CURRENT_PROJECT_VERSION = 1;
				GENERATE_INFOPLIST_FILE = YES;
				MARKETING_VERSION = 1.0;
				PRODUCT_BUNDLE_IDENTIFIER = com.yigitsaglam.NewsysUITests;
				PRODUCT_NAME = "$(TARGET_NAME)";
				SWIFT_EMIT_LOC_STRINGS = NO;
				SWIFT_VERSION = 5.0;
				TARGETED_DEVICE_FAMILY = "1,2";
				TEST_TARGET_NAME = Newsys;
			};
			name = Release;
		};
/* End XCBuildConfiguration section */

/* Begin XCConfigurationList section */
		1BBE24EA30041FB500A18A51 /* Build configuration list for PBXProject "Newsys" */ = {
			isa = XCConfigurationList;
			buildConfigurations = (
				1BBE251B30041FB800A18A51 /* Debug */,
				1BBE251C30041FB800A18A51 /* Release */,
			);
			defaultConfigurationIsVisible = 0;
			defaultConfigurationName = Release;
		};
		1BBE251830041FB800A18A51 /* Build configuration list for PBXNativeTarget "Newsys" */ = {
			isa = XCConfigurationList;
			buildConfigurations = (
				1BBE251930041FB800A18A51 /* Debug */,
				1BBE251A30041FB800A18A51 /* Release */,
			);
			defaultConfigurationIsVisible = 0;
			defaultConfigurationName = Release;
		};
		1BBE251D30041FB800A18A51 /* Build configuration list for PBXNativeTarget "NewsysTests" */ = {
			isa = XCConfigurationList;
			buildConfigurations = (
				1BBE251E30041FB800A18A51 /* Debug */,
				1BBE251F30041FB800A18A51 /* Release */,
			);
			defaultConfigurationIsVisible = 0;
			defaultConfigurationName = Release;
		};
		1BBE252030041FB800A18A51 /* Build configuration list for PBXNativeTarget "NewsysUITests" */ = {
			isa = XCConfigurationList;
			buildConfigurations = (
				1BBE252130041FB800A18A51 /* Debug */,
				1BBE252230041FB800A18A51 /* Release */,
			);
			defaultConfigurationIsVisible = 0;
			defaultConfigurationName = Release;
		};
/* End XCConfigurationList section */

/* Begin XCRemoteSwiftPackageReference section */
		1BBE255D300BDBCD00A18A51 /* XCRemoteSwiftPackageReference "firebase-ios-sdk" */ = {
			isa = XCRemoteSwiftPackageReference;
			repositoryURL = "https://github.com/firebase/firebase-ios-sdk";
			requirement = {
				kind = upToNextMajorVersion;
				minimumVersion = 12.16.0;
			};
		};
/* End XCRemoteSwiftPackageReference section */

/* Begin XCSwiftPackageProductDependency section */
		1BBE255E300BDBCD00A18A51 /* FirebaseAuth */ = {
			isa = XCSwiftPackageProductDependency;
			package = 1BBE255D300BDBCD00A18A51 /* XCRemoteSwiftPackageReference "firebase-ios-sdk" */;
			productName = FirebaseAuth;
		};
		1BBE2560300BDBCD00A18A51 /* FirebaseFirestore */ = {
			isa = XCSwiftPackageProductDependency;
			package = 1BBE255D300BDBCD00A18A51 /* XCRemoteSwiftPackageReference "firebase-ios-sdk" */;
			productName = FirebaseFirestore;
		};
/* End XCSwiftPackageProductDependency section */
	};
	rootObject = 1BBE24E730041FB500A18A51 /* Project object */;
}
